# Known-good pinned dependency set (pip freeze snapshot). Previously stored as
# UTF-16, which made it unusable with `pip install -r requirements.lock` and
# unreadable by most text tooling; re-saved as UTF-8/LF, content unchanged.
# Regenerate with: pip install -e . -r requirements.txt -r requirements-dev.txt && pip freeze
annotated-doc==0.0.3
annotated-types==0.7.0
anyio==4.11.0
attrs==25.4.0
backports.tarfile==1.2.0
black==26.3.1
build==1.3.0
certifi==2025.8.3
cffi==2.0.0
charset-normalizer==3.4.3
click==8.3.0
colorama==0.4.6
coverage==7.11.0
cryptography==46.0.3
dnspython==2.8.0
email-validator==2.3.0
exceptiongroup==1.3.0
fastapi==0.140.0
greenlet==3.2.4
h11==0.16.0
httpcore==1.0.9
httpx==0.28.1
-e git+https://github.com/perolyat/Bartholomew-identity-system.git@571139ec9027fa1f830a1e09cfb9b87af3c3f688#egg=identity_interpreter
idna==3.10
importlib_metadata==8.7.0
iniconfig==2.3.0
jaraco.classes==3.4.0
jaraco.context==6.0.1
jaraco.functools==4.3.0
jsonschema==4.25.1
jsonschema-specifications==2025.9.1
keyring==25.6.0
markdown-it-py==4.0.0
mdurl==0.1.2
more-itertools==10.8.0
mss==10.1.0
mypy_extensions==1.1.0
numpy==2.2.6
ollama==0.6.0
opencv-python==4.12.0.88
packaging==25.0
pathspec==1.1.1
pillow==11.3.0
pip-tools==7.5.1
platformdirs==4.5.0
pluggy==1.6.0
psutil==7.1.0
pycparser==2.23
pydantic==2.11.10
pydantic_core==2.33.2
Pygments==2.19.2
pyproject_hooks==1.2.0
pystray==0.19.5
pytesseract==0.3.13
pytest==8.4.2
pytest-cov==7.0.0
pytokens==0.4.1
pywin32-ctypes==0.2.3
PyYAML==6.0.3
referencing==0.37.0
requests==2.32.5
rich==14.2.0
rpds-py==0.28.0
ruff==0.14.2
shellingham==1.5.4
six==1.17.0
sniffio==1.3.1
SQLAlchemy==2.0.43
sqlmodel==0.0.25
starlette==1.3.1
tomli==2.3.0
typer==0.20.0
typing-inspection==0.4.2
typing_extensions==4.15.0
urllib3==2.5.0
uvicorn==0.38.0
zipp==3.23.0
